
Microsoft Visual Studio Solution File, Format Version 12.00
# Visual Studio Version 16
VisualStudioVersion = 16.0.31410.357
MinimumVisualStudioVersion = 10.0.40219.1
Project("{FAE04EC0-301F-11D3-BF4B-00C04F79EFBC}") = "modelo_core_webapi", "modelo_core_webapi\modelo_core_webapi.csproj", "{D44D615D-0871-48BC-A160-E67C5D4B32B0}"
EndProject
Global
	GlobalSection(SolutionConfigurationPlatforms) = preSolution
		Debug|Any CPU = Debug|Any CPU
		Release|Any CPU = Release|Any CPU
	EndGlobalSection
	GlobalSection(ProjectConfigurationPlatforms) = postSolution
		{D44D615D-0871-48BC-A160-E67C5D4B32B0}.Debug|Any CPU.ActiveCfg = Debug|Any CPU
		{D44D615D-0871-48BC-A160-E67C5D4B32B0}.Debug|Any CPU.Build.0 = Debug|Any CPU
		{D44D615D-0871-48BC-A160-E67C5D4B32B0}.Release|Any CPU.ActiveCfg = Release|Any CPU
		{D44D615D-0871-48BC-A160-E67C5D4B32B0}.Release|Any CPU.Build.0 = Release|Any CPU
	EndGlobalSection
	GlobalSection(SolutionProperties) = preSolution
		HideSolutionNode = FALSE
	EndGlobalSection
	GlobalSection(ExtensibilityGlobals) = postSolution
		SolutionGuid = {26869E23-C687-4B98-9370-75F434C8AAE7}
	EndGlobalSection
EndGlobal
